
Microsoft Visual Studio Solution File, Format Version 12.00
# Visual Studio 15
VisualStudioVersion = 15.0.28307.271
MinimumVisualStudioVersion = 10.0.40219.1
Project("{FAE04EC0-301F-11D3-BF4B-00C04F79EFBC}") = "HamrahBina", "HamrahBina\HamrahBina.csproj", "{FDDF37C3-F475-4EFD-BF56-7F979082F597}"
EndProject
Global
	GlobalSection(SolutionConfigurationPlatforms) = preSolution
		Debug|Any CPU = Debug|Any CPU
		Release|Any CPU = Release|Any CPU
	EndGlobalSection
	GlobalSection(ProjectConfigurationPlatforms) = postSolution
		{FDDF37C3-F475-4EFD-BF56-7F979082F597}.Debug|Any CPU.ActiveCfg = Debug|Any CPU
		{FDDF37C3-F475-4EFD-BF56-7F979082F597}.Debug|Any CPU.Build.0 = Debug|Any CPU
		{FDDF37C3-F475-4EFD-BF56-7F979082F597}.Release|Any CPU.ActiveCfg = Release|Any CPU
		{FDDF37C3-F475-4EFD-BF56-7F979082F597}.Release|Any CPU.Build.0 = Release|Any CPU
	EndGlobalSection
	GlobalSection(SolutionProperties) = preSolution
		HideSolutionNode = FALSE
	EndGlobalSection
	GlobalSection(ExtensibilityGlobals) = postSolution
		SolutionGuid = {59A60AAA-5A11-46DD-B085-7FD680A5EF83}
	EndGlobalSection
EndGlobal
